
Microsoft Visual Studio Solution File, Format Version 12.00
# Visual Studio Version 16
VisualStudioVersion = 16.0.30907.101
MinimumVisualStudioVersion = 10.0.40219.1
Project("{FAE04EC0-301F-11D3-BF4B-00C04F79EFBC}") = "LinkingRazorPages", "LinkingRazorPages\LinkingRazorPages.csproj", "{ED841C01-B3EB-44DF-8A86-94A63C57A0C0}"
EndProject
Global
	GlobalSection(SolutionConfigurationPlatforms) = preSolution
		Debug|Any CPU = Debug|Any CPU
		Release|Any CPU = Release|Any CPU
	EndGlobalSection
	GlobalSection(ProjectConfigurationPlatforms) = postSolution
		{ED841C01-B3EB-44DF-8A86-94A63C57A0C0}.Debug|Any CPU.ActiveCfg = Debug|Any CPU
		{ED841C01-B3EB-44DF-8A86-94A63C57A0C0}.Debug|Any CPU.Build.0 = Debug|Any CPU
		{ED841C01-B3EB-44DF-8A86-94A63C57A0C0}.Release|Any CPU.ActiveCfg = Release|Any CPU
		{ED841C01-B3EB-44DF-8A86-94A63C57A0C0}.Release|Any CPU.Build.0 = Release|Any CPU
	EndGlobalSection
	GlobalSection(SolutionProperties) = preSolution
		HideSolutionNode = FALSE
	EndGlobalSection
	GlobalSection(ExtensibilityGlobals) = postSolution
		SolutionGuid = {AD49609D-7183-443B-B5DE-55CFD2401661}
	EndGlobalSection
EndGlobal
